// !$*UTF8*$!
{
	archiveVersion = 1;
	classes = {
	};
	objectVersion = 55;
	objects = {

/* Begin PBXBuildFile section */
		20C566962A4F1099033D2054 /* Pods_Easy_Decision_2.framework in Frameworks */ = {isa = PBXBuildFile; fileRef = 2EB20C03FE19D0F6ED7895A0 /* Pods_Easy_Decision_2.framework */; };
		BF076443282D6E3F00C609E5 /* CelulaAvaliacaoTableViewCell.swift in Sources */ = {isa = PBXBuildFile; fileRef = BF076442282D6E3F00C609E5 /* CelulaAvaliacaoTableViewCell.swift */; };
		BF5F4AD227EE174800F8D2ED /* Opcao.swift in Sources */ = {isa = PBXBuildFile; fileRef = BF5F4AD127EE174800F8D2ED /* Opcao.swift */; };
		BF5F4AD427EE17D400F8D2ED /* OpcoesTableViewController.swift in Sources */ = {isa = PBXBuildFile; fileRef = BF5F4AD327EE17D400F8D2ED /* OpcoesTableViewController.swift */; };
		BF5F4AD627EE2AE800F8D2ED /* AdicionaOpcaoViewController.swift in Sources */ = {isa = PBXBuildFile; fileRef = BF5F4AD527EE2AE700F8D2ED /* AdicionaOpcaoViewController.swift */; };
		BF68068528358B9A002CC289 /* CelulaResultadoTableViewCell.swift in Sources */ = {isa = PBXBuildFile; fileRef = BF68068428358B9A002CC289 /* CelulaResultadoTableViewCell.swift */; };
		BF7DBD4C27F744790026CA72 /* ResultadoTableViewController.swift in Sources */ = {isa = PBXBuildFile; fileRef = BF7DBD4B27F744790026CA72 /* ResultadoTableViewController.swift */; };
		BF7DBD4E27F745750026CA72 /* Resultado.swift in Sources */ = {isa = PBXBuildFile; fileRef = BF7DBD4D27F745750026CA72 /* Resultado.swift */; };
		BF8B591D27E91A2B0051CCAD /* DecisoesTableViewController.swift in Sources */ = {isa = PBXBuildFile; fileRef = BF8B591C27E91A2B0051CCAD /* DecisoesTableViewController.swift */; };
		BF8B592127E9237A0051CCAD /* AdicionaDecisaoViewController.swift in Sources */ = {isa = PBXBuildFile; fileRef = BF8B592027E9237A0051CCAD /* AdicionaDecisaoViewController.swift */; };
		BF8C63DB27E9143E0051926E /* Decisao.swift in Sources */ = {isa = PBXBuildFile; fileRef = BF8C63DA27E9143E0051926E /* Decisao.swift */; };
		BFCA828127F0E2CA00985550 /* Criterio.swift in Sources */ = {isa = PBXBuildFile; fileRef = BFCA828027F0E2CA00985550 /* Criterio.swift */; };
		BFCA828327F0E53A00985550 /* CriteriosTableViewController.swift in Sources */ = {isa = PBXBuildFile; fileRef = BFCA828227F0E53A00985550 /* CriteriosTableViewController.swift */; };
		BFCA828527F0E88E00985550 /* AdicionaCriterioViewController.swift in Sources */ = {isa = PBXBuildFile; fileRef = BFCA828427F0E88E00985550 /* AdicionaCriterioViewController.swift */; };
		BFCA828827F0EBD200985550 /* CelulaCriterioTableViewCell.swift in Sources */ = {isa = PBXBuildFile; fileRef = BFCA828727F0EBD200985550 /* CelulaCriterioTableViewCell.swift */; };
		BFCA828A27F2449C00985550 /* AvaliacaoTableViewController.swift in Sources */ = {isa = PBXBuildFile; fileRef = BFCA828927F2449C00985550 /* AvaliacaoTableViewController.swift */; };
		BFCA828E27F249C900985550 /* Avaliacao.swift in Sources */ = {isa = PBXBuildFile; fileRef = BFCA828D27F249C900985550 /* Avaliacao.swift */; };
		BFD6E9E227E8C9D80093358B /* AppDelegate.swift in Sources */ = {isa = PBXBuildFile; fileRef = BFD6E9E127E8C9D80093358B /* AppDelegate.swift */; };
		BFD6E9E427E8C9D80093358B /* SceneDelegate.swift in Sources */ = {isa = PBXBuildFile; fileRef = BFD6E9E327E8C9D80093358B /* SceneDelegate.swift */; };
		BFD6E9E927E8C9D80093358B /* Main.storyboard in Resources */ = {isa = PBXBuildFile; fileRef = BFD6E9E727E8C9D80093358B /* Main.storyboard */; };
		BFD6E9EB27E8C9D90093358B /* Assets.xcassets in Resources */ = {isa = PBXBuildFile; fileRef = BFD6E9EA27E8C9D90093358B /* Assets.xcassets */; };
		BFD6E9EE27E8C9D90093358B /* LaunchScreen.storyboard in Resources */ = {isa = PBXBuildFile; fileRef = BFD6E9EC27E8C9D90093358B /* LaunchScreen.storyboard */; };
		BFFE32D12854FE69007B9151 /* GoogleService-Info.plist in Resources */ = {isa = PBXBuildFile; fileRef = BFFE32D02854FE69007B9151 /* GoogleService-Info.plist */; };
/* End PBXBuildFile section */

/* Begin PBXFileReference section */
		2EB20C03FE19D0F6ED7895A0 /* Pods_Easy_Decision_2.framework */ = {isa = PBXFileReference; explicitFileType = wrapper.framework; includeInIndex = 0; path = Pods_Easy_Decision_2.framework; sourceTree = BUILT_PRODUCTS_DIR; };
		367F33E9FBE6A258F173A765 /* Pods-Easy Decision 2.debug.xcconfig */ = {isa = PBXFileReference; includeInIndex = 1; lastKnownFileType = text.xcconfig; name = "Pods-Easy Decision 2.debug.xcconfig"; path = "Target Support Files/Pods-Easy Decision 2/Pods-Easy Decision 2.debug.xcconfig"; sourceTree = "<group>"; };
		A2B2AAF2317AA3B5FEAE3BB5 /* Pods-Easy Decision 2.release.xcconfig */ = {isa = PBXFileReference; includeInIndex = 1; lastKnownFileType = text.xcconfig; name = "Pods-Easy Decision 2.release.xcconfig"; path = "Target Support Files/Pods-Easy Decision 2/Pods-Easy Decision 2.release.xcconfig"; sourceTree = "<group>"; };
		BF076442282D6E3F00C609E5 /* CelulaAvaliacaoTableViewCell.swift */ = {isa = PBXFileReference; lastKnownFileType = sourcecode.swift; path = CelulaAvaliacaoTableViewCell.swift; sourceTree = "<group>"; };
		BF5F4AD127EE174800F8D2ED /* Opcao.swift */ = {isa = PBXFileReference; lastKnownFileType = sourcecode.swift; path = Opcao.swift; sourceTree = "<group>"; };
		BF5F4AD327EE17D400F8D2ED /* OpcoesTableViewController.swift */ = {isa = PBXFileReference; lastKnownFileType = sourcecode.swift; path = OpcoesTableViewController.swift; sourceTree = "<group>"; };
		BF5F4AD527EE2AE700F8D2ED /* AdicionaOpcaoViewController.swift */ = {isa = PBXFileReference; lastKnownFileType = sourcecode.swift; path = AdicionaOpcaoViewController.swift; sourceTree = "<group>"; };
		BF68068428358B9A002CC289 /* CelulaResultadoTableViewCell.swift */ = {isa = PBXFileReference; lastKnownFileType = sourcecode.swift; path = CelulaResultadoTableViewCell.swift; sourceTree = "<group>"; };
		BF7DBD4B27F744790026CA72 /* ResultadoTableViewController.swift */ = {isa = PBXFileReference; lastKnownFileType = sourcecode.swift; path = ResultadoTableViewController.swift; sourceTree = "<group>"; };
		BF7DBD4D27F745750026CA72 /* Resultado.swift */ = {isa = PBXFileReference; lastKnownFileType = sourcecode.swift; path = Resultado.swift; sourceTree = "<group>"; };
		BF8B591C27E91A2B0051CCAD /* DecisoesTableViewController.swift */ = {isa = PBXFileReference; lastKnownFileType = sourcecode.swift; path = DecisoesTableViewController.swift; sourceTree = "<group>"; };
		BF8B592027E9237A0051CCAD /* AdicionaDecisaoViewController.swift */ = {isa = PBXFileReference; lastKnownFileType = sourcecode.swift; path = AdicionaDecisaoViewController.swift; sourceTree = "<group>"; };
		BF8C63DA27E9143E0051926E /* Decisao.swift */ = {isa = PBXFileReference; lastKnownFileType = sourcecode.swift; path = Decisao.swift; sourceTree = "<group>"; };
		BFCA828027F0E2CA00985550 /* Criterio.swift */ = {isa = PBXFileReference; lastKnownFileType = sourcecode.swift; path = Criterio.swift; sourceTree = "<group>"; };
		BFCA828227F0E53A00985550 /* CriteriosTableViewController.swift */ = {isa = PBXFileReference; lastKnownFileType = sourcecode.swift; path = CriteriosTableViewController.swift; sourceTree = "<group>"; };
		BFCA828427F0E88E00985550 /* AdicionaCriterioViewController.swift */ = {isa = PBXFileReference; lastKnownFileType = sourcecode.swift; path = AdicionaCriterioViewController.swift; sourceTree = "<group>"; };
		BFCA828727F0EBD200985550 /* CelulaCriterioTableViewCell.swift */ = {isa = PBXFileReference; lastKnownFileType = sourcecode.swift; path = CelulaCriterioTableViewCell.swift; sourceTree = "<group>"; };
		BFCA828927F2449C00985550 /* AvaliacaoTableViewController.swift */ = {isa = PBXFileReference; lastKnownFileType = sourcecode.swift; path = AvaliacaoTableViewController.swift; sourceTree = "<group>"; };
		BFCA828D27F249C900985550 /* Avaliacao.swift */ = {isa = PBXFileReference; lastKnownFileType = sourcecode.swift; path = Avaliacao.swift; sourceTree = "<group>"; };
		BFD6E9DE27E8C9D80093358B /* Easy Decision 2.app */ = {isa = PBXFileReference; explicitFileType = wrapper.application; includeInIndex = 0; path = "Easy Decision 2.app"; sourceTree = BUILT_PRODUCTS_DIR; };
		BFD6E9E127E8C9D80093358B /* AppDelegate.swift */ = {isa = PBXFileReference; lastKnownFileType = sourcecode.swift; path = AppDelegate.swift; sourceTree = "<group>"; };
		BFD6E9E327E8C9D80093358B /* SceneDelegate.swift */ = {isa = PBXFileReference; lastKnownFileType = sourcecode.swift; path = SceneDelegate.swift; sourceTree = "<group>"; };
		BFD6E9E827E8C9D80093358B /* Base */ = {isa = PBXFileReference; lastKnownFileType = file.storyboard; name = Base; path = Base.lproj/Main.storyboard; sourceTree = "<group>"; };
		BFD6E9EA27E8C9D90093358B /* Assets.xcassets */ = {isa = PBXFileReference; lastKnownFileType = folder.assetcatalog; path = Assets.xcassets; sourceTree = "<group>"; };
		BFD6E9ED27E8C9D90093358B /* Base */ = {isa = PBXFileReference; lastKnownFileType = file.storyboard; name = Base; path = Base.lproj/LaunchScreen.storyboard; sourceTree = "<group>"; };
		BFD6E9EF27E8C9D90093358B /* Info.plist */ = {isa = PBXFileReference; lastKnownFileType = text.plist.xml; path = Info.plist; sourceTree = "<group>"; };
		BFFE32D02854FE69007B9151 /* GoogleService-Info.plist */ = {isa = PBXFileReference; fileEncoding = 4; lastKnownFileType = text.plist.xml; path = "GoogleService-Info.plist"; sourceTree = "<group>"; };
/* End PBXFileReference section */

/* Begin PBXFrameworksBuildPhase section */
		BFD6E9DB27E8C9D80093358B /* Frameworks */ = {
			isa = PBXFrameworksBuildPhase;
			buildActionMask = 2147483647;
			files = (
				20C566962A4F1099033D2054 /* Pods_Easy_Decision_2.framework in Frameworks */,
			);
			runOnlyForDeploymentPostprocessing = 0;
		};
/* End PBXFrameworksBuildPhase section */

/* Begin PBXGroup section */
		4D7CAD9E5C199B4CC1546122 /* Frameworks */ = {
			isa = PBXGroup;
			children = (
				2EB20C03FE19D0F6ED7895A0 /* Pods_Easy_Decision_2.framework */,
			);
			name = Frameworks;
			sourceTree = "<group>";
		};
		BF8C63D727E913FF0051926E /* Model */ = {
			isa = PBXGroup;
			children = (
				BF8C63DA27E9143E0051926E /* Decisao.swift */,
				BF5F4AD127EE174800F8D2ED /* Opcao.swift */,
				BFCA828027F0E2CA00985550 /* Criterio.swift */,
				BFCA828D27F249C900985550 /* Avaliacao.swift */,
				BF7DBD4D27F745750026CA72 /* Resultado.swift */,
			);
			path = Model;
			sourceTree = "<group>";
		};
		BF8C63D827E914090051926E /* View */ = {
			isa = PBXGroup;
			children = (
				BFCA828727F0EBD200985550 /* CelulaCriterioTableViewCell.swift */,
				BF076442282D6E3F00C609E5 /* CelulaAvaliacaoTableViewCell.swift */,
				BF68068428358B9A002CC289 /* CelulaResultadoTableViewCell.swift */,
			);
			path = View;
			sourceTree = "<group>";
		};
		BF8C63D927E914120051926E /* ViewModel */ = {
			isa = PBXGroup;
			children = (
				BF8B591C27E91A2B0051CCAD /* DecisoesTableViewController.swift */,
				BF8B592027E9237A0051CCAD /* AdicionaDecisaoViewController.swift */,
				BF5F4AD327EE17D400F8D2ED /* OpcoesTableViewController.swift */,
				BF5F4AD527EE2AE700F8D2ED /* AdicionaOpcaoViewController.swift */,
				BFCA828227F0E53A00985550 /* CriteriosTableViewController.swift */,
				BFCA828427F0E88E00985550 /* AdicionaCriterioViewController.swift */,
				BFCA828927F2449C00985550 /* AvaliacaoTableViewController.swift */,
				BF7DBD4B27F744790026CA72 /* ResultadoTableViewController.swift */,
			);
			path = ViewModel;
			sourceTree = "<group>";
		};
		BFD6E9D527E8C9D80093358B = {
			isa = PBXGroup;
			children = (
				BFD6E9E027E8C9D80093358B /* Easy Decision 2 */,
				BFD6E9DF27E8C9D80093358B /* Products */,
				D7924B8460B13464BF7697BF /* Pods */,
				4D7CAD9E5C199B4CC1546122 /* Frameworks */,
			);
			sourceTree = "<group>";
		};
		BFD6E9DF27E8C9D80093358B /* Products */ = {
			isa = PBXGroup;
			children = (
				BFD6E9DE27E8C9D80093358B /* Easy Decision 2.app */,
			);
			name = Products;
			sourceTree = "<group>";
		};
		BFD6E9E027E8C9D80093358B /* Easy Decision 2 */ = {
			isa = PBXGroup;
			children = (
				BF8C63D727E913FF0051926E /* Model */,
				BF8C63D827E914090051926E /* View */,
				BF8C63D927E914120051926E /* ViewModel */,
				BFD6E9E127E8C9D80093358B /* AppDelegate.swift */,
				BFD6E9E327E8C9D80093358B /* SceneDelegate.swift */,
				BFD6E9E727E8C9D80093358B /* Main.storyboard */,
				BFD6E9EA27E8C9D90093358B /* Assets.xcassets */,
				BFD6E9EC27E8C9D90093358B /* LaunchScreen.storyboard */,
				BFD6E9EF27E8C9D90093358B /* Info.plist */,
				BFFE32D02854FE69007B9151 /* GoogleService-Info.plist */,
			);
			path = "Easy Decision 2";
			sourceTree = "<group>";
		};
		D7924B8460B13464BF7697BF /* Pods */ = {
			isa = PBXGroup;
			children = (
				367F33E9FBE6A258F173A765 /* Pods-Easy Decision 2.debug.xcconfig */,
				A2B2AAF2317AA3B5FEAE3BB5 /* Pods-Easy Decision 2.release.xcconfig */,
			);
			path = Pods;
			sourceTree = "<group>";
		};
/* End PBXGroup section */

/* Begin PBXNativeTarget section */
		BFD6E9DD27E8C9D80093358B /* Easy Decision 2 */ = {
			isa = PBXNativeTarget;
			buildConfigurationList = BFD6E9F227E8C9D90093358B /* Build configuration list for PBXNativeTarget "Easy Decision 2" */;
			buildPhases = (
				2D4D47FD27C8D12EE2506ED9 /* [CP] Check Pods Manifest.lock */,
				BFD6E9DA27E8C9D80093358B /* Sources */,
				BFD6E9DB27E8C9D80093358B /* Frameworks */,
				BFD6E9DC27E8C9D80093358B /* Resources */,
				721976EA19FA4DA8DD591717 /* [CP] Embed Pods Frameworks */,
			);
			buildRules = (
			);
			dependencies = (
			);
			name = "Easy Decision 2";
			productName = "Easy Decision 2";
			productReference = BFD6E9DE27E8C9D80093358B /* Easy Decision 2.app */;
			productType = "com.apple.product-type.application";
		};
/* End PBXNativeTarget section */

/* Begin PBXProject section */
		BFD6E9D627E8C9D80093358B /* Project object */ = {
			isa = PBXProject;
			attributes = {
				BuildIndependentTargetsInParallel = 1;
				LastSwiftUpdateCheck = 1330;
				LastUpgradeCheck = 1330;
				TargetAttributes = {
					BFD6E9DD27E8C9D80093358B = {
						CreatedOnToolsVersion = 13.3;
					};
				};
			};
			buildConfigurationList = BFD6E9D927E8C9D80093358B /* Build configuration list for PBXProject "Easy Decision 2" */;
			compatibilityVersion = "Xcode 13.0";
			developmentRegion = en;
			hasScannedForEncodings = 0;
			knownRegions = (
				en,
				Base,
			);
			mainGroup = BFD6E9D527E8C9D80093358B;
			productRefGroup = BFD6E9DF27E8C9D80093358B /* Products */;
			projectDirPath = "";
			projectRoot = "";
			targets = (
				BFD6E9DD27E8C9D80093358B /* Easy Decision 2 */,
			);
		};
/* End PBXProject section */

/* Begin PBXResourcesBuildPhase section */
		BFD6E9DC27E8C9D80093358B /* Resources */ = {
			isa = PBXResourcesBuildPhase;
			buildActionMask = 2147483647;
			files = (
				BFD6E9EE27E8C9D90093358B /* LaunchScreen.storyboard in Resources */,
				BFFE32D12854FE69007B9151 /* GoogleService-Info.plist in Resources */,
				BFD6E9EB27E8C9D90093358B /* Assets.xcassets in Resources */,
				BFD6E9E927E8C9D80093358B /* Main.storyboard in Resources */,
			);
			runOnlyForDeploymentPostprocessing = 0;
		};
/* End PBXResourcesBuildPhase section */

/* Begin PBXShellScriptBuildPhase section */
		2D4D47FD27C8D12EE2506ED9 /* [CP] Check Pods Manifest.lock */ = {
			isa = PBXShellScriptBuildPhase;
			buildActionMask = 2147483647;
			files = (
			);
			inputFileListPaths = (
			);
			inputPaths = (
				"${PODS_PODFILE_DIR_PATH}/Podfile.lock",
				"${PODS_ROOT}/Manifest.lock",
			);
			name = "[CP] Check Pods Manifest.lock";
			outputFileListPaths = (
			);
			outputPaths = (
				"$(DERIVED_FILE_DIR)/Pods-Easy Decision 2-checkManifestLockResult.txt",
			);
			runOnlyForDeploymentPostprocessing = 0;
			shellPath = /bin/sh;
			shellScript = "diff \"${PODS_PODFILE_DIR_PATH}/Podfile.lock\" \"${PODS_ROOT}/Manifest.lock\" > /dev/null\nif [ $? != 0 ] ; then\n    # print error to STDERR\n    echo \"error: The sandbox is not in sync with the Podfile.lock. Run 'pod install' or update your CocoaPods installation.\" >&2\n    exit 1\nfi\n# This output is used by Xcode 'outputs' to avoid re-running this script phase.\necho \"SUCCESS\" > \"${SCRIPT_OUTPUT_FILE_0}\"\n";
			showEnvVarsInLog = 0;
		};
		721976EA19FA4DA8DD591717 /* [CP] Embed Pods Frameworks */ = {
			isa = PBXShellScriptBuildPhase;
			buildActionMask = 2147483647;
			files = (
			);
			inputFileListPaths = (
				"${PODS_ROOT}/Target Support Files/Pods-Easy Decision 2/Pods-Easy Decision 2-frameworks-${CONFIGURATION}-input-files.xcfilelist",
			);
			name = "[CP] Embed Pods Frameworks";
			outputFileListPaths = (
				"${PODS_ROOT}/Target Support Files/Pods-Easy Decision 2/Pods-Easy Decision 2-frameworks-${CONFIGURATION}-output-files.xcfilelist",
			);
			runOnlyForDeploymentPostprocessing = 0;
			shellPath = /bin/sh;
			shellScript = "\"${PODS_ROOT}/Target Support Files/Pods-Easy Decision 2/Pods-Easy Decision 2-frameworks.sh\"\n";
			showEnvVarsInLog = 0;
		};
/* End PBXShellScriptBuildPhase section */

/* Begin PBXSourcesBuildPhase section */
		BFD6E9DA27E8C9D80093358B /* Sources */ = {
			isa = PBXSourcesBuildPhase;
			buildActionMask = 2147483647;
			files = (
				BF5F4AD427EE17D400F8D2ED /* OpcoesTableViewController.swift in Sources */,
				BF7DBD4E27F745750026CA72 /* Resultado.swift in Sources */,
				BFD6E9E227E8C9D80093358B /* AppDelegate.swift in Sources */,
				BF076443282D6E3F00C609E5 /* CelulaAvaliacaoTableViewCell.swift in Sources */,
				BFCA828827F0EBD200985550 /* CelulaCriterioTableViewCell.swift in Sources */,
				BF7DBD4C27F744790026CA72 /* ResultadoTableViewController.swift in Sources */,
				BF8C63DB27E9143E0051926E /* Decisao.swift in Sources */,
				BF8B592127E9237A0051CCAD /* AdicionaDecisaoViewController.swift in Sources */,
				BF8B591D27E91A2B0051CCAD /* DecisoesTableViewController.swift in Sources */,
				BF5F4AD227EE174800F8D2ED /* Opcao.swift in Sources */,
				BFCA828E27F249C900985550 /* Avaliacao.swift in Sources */,
				BFCA828327F0E53A00985550 /* CriteriosTableViewController.swift in Sources */,
				BFCA828127F0E2CA00985550 /* Criterio.swift in Sources */,
				BFCA828527F0E88E00985550 /* AdicionaCriterioViewController.swift in Sources */,
				BFCA828A27F2449C00985550 /* AvaliacaoTableViewController.swift in Sources */,
				BF68068528358B9A002CC289 /* CelulaResultadoTableViewCell.swift in Sources */,
				BFD6E9E427E8C9D80093358B /* SceneDelegate.swift in Sources */,
				BF5F4AD627EE2AE800F8D2ED /* AdicionaOpcaoViewController.swift in Sources */,
			);
			runOnlyForDeploymentPostprocessing = 0;
		};
/* End PBXSourcesBuildPhase section */

/* Begin PBXVariantGroup section */
		BFD6E9E727E8C9D80093358B /* Main.storyboard */ = {
			isa = PBXVariantGroup;
			children = (
				BFD6E9E827E8C9D80093358B /* Base */,
			);
			name = Main.storyboard;
			sourceTree = "<group>";
		};
		BFD6E9EC27E8C9D90093358B /* LaunchScreen.storyboard */ = {
			isa = PBXVariantGroup;
			children = (
				BFD6E9ED27E8C9D90093358B /* Base */,
			);
			name = LaunchScreen.storyboard;
			sourceTree = "<group>";
		};
/* End PBXVariantGroup section */

/* Begin XCBuildConfiguration section */
		BFD6E9F027E8C9D90093358B /* Debug */ = {
			isa = XCBuildConfiguration;
			buildSettings = {
				ALWAYS_SEARCH_USER_PATHS = NO;
				CLANG_ANALYZER_NONNULL = YES;
				CLANG_ANALYZER_NUMBER_OBJECT_CONVERSION = YES_AGGRESSIVE;
				CLANG_CXX_LANGUAGE_STANDARD = "gnu++17";
				CLANG_ENABLE_MODULES = YES;
				CLANG_ENABLE_OBJC_ARC = YES;
				CLANG_ENABLE_OBJC_WEAK = YES;
				CLANG_WARN_BLOCK_CAPTURE_AUTORELEASING = YES;
				CLANG_WARN_BOOL_CONVERSION = YES;
				CLANG_WARN_COMMA = YES;
				CLANG_WARN_CONSTANT_CONVERSION = YES;
				CLANG_WARN_DEPRECATED_OBJC_IMPLEMENTATIONS = YES;
				CLANG_WARN_DIRECT_OBJC_ISA_USAGE = YES_ERROR;
				CLANG_WARN_DOCUMENTATION_COMMENTS = YES;
				CLANG_WARN_EMPTY_BODY = YES;
				CLANG_WARN_ENUM_CONVERSION = YES;
				CLANG_WARN_INFINITE_RECURSION = YES;
				CLANG_WARN_INT_CONVERSION = YES;
				CLANG_WARN_NON_LITERAL_NULL_CONVERSION = YES;
				CLANG_WARN_OBJC_IMPLICIT_RETAIN_SELF = YES;
				CLANG_WARN_OBJC_LITERAL_CONVERSION = YES;
				CLANG_WARN_OBJC_ROOT_CLASS = YES_ERROR;
				CLANG_WARN_QUOTED_INCLUDE_IN_FRAMEWORK_HEADER = YES;
				CLANG_WARN_RANGE_LOOP_ANALYSIS = YES;
				CLANG_WARN_STRICT_PROTOTYPES = YES;
				CLANG_WARN_SUSPICIOUS_MOVE = YES;
				CLANG_WARN_UNGUARDED_AVAILABILITY = YES_AGGRESSIVE;
				CLANG_WARN_UNREACHABLE_CODE = YES;
				CLANG_WARN__DUPLICATE_METHOD_MATCH = YES;
				COPY_PHASE_STRIP = NO;
				DEBUG_INFORMATION_FORMAT = dwarf;
				ENABLE_STRICT_OBJC_MSGSEND = YES;
				ENABLE_TESTABILITY = YES;
				GCC_C_LANGUAGE_STANDARD = gnu11;
				GCC_DYNAMIC_NO_PIC = NO;
				GCC_NO_COMMON_BLOCKS = YES;
				GCC_OPTIMIZATION_LEVEL = 0;
				GCC_PREPROCESSOR_DEFINITIONS = (
					"DEBUG=1",
					"$(inherited)",
				);
				GCC_WARN_64_TO_32_BIT_CONVERSION = YES;
				GCC_WARN_ABOUT_RETURN_TYPE = YES_ERROR;
				GCC_WARN_UNDECLARED_SELECTOR = YES;
				GCC_WARN_UNINITIALIZED_AUTOS = YES_AGGRESSIVE;
				GCC_WARN_UNUSED_FUNCTION = YES;
				GCC_WARN_UNUSED_VARIABLE = YES;
				IPHONEOS_DEPLOYMENT_TARGET = 15.4;
				MTL_ENABLE_DEBUG_INFO = INCLUDE_SOURCE;
				MTL_FAST_MATH = YES;
				ONLY_ACTIVE_ARCH = YES;
				SDKROOT = iphoneos;
				SWIFT_ACTIVE_COMPILATION_CONDITIONS = DEBUG;
				SWIFT_OPTIMIZATION_LEVEL = "-Onone";
			};
			name = Debug;
		};
		BFD6E9F127E8C9D90093358B /* Release */ = {
			isa = XCBuildConfiguration;
			buildSettings = {
				ALWAYS_SEARCH_USER_PATHS = NO;
				CLANG_ANALYZER_NONNULL = YES;
				CLANG_ANALYZER_NUMBER_OBJECT_CONVERSION = YES_AGGRESSIVE;
				CLANG_CXX_LANGUAGE_STANDARD = "gnu++17";
				CLANG_ENABLE_MODULES = YES;
				CLANG_ENABLE_OBJC_ARC = YES;
				CLANG_ENABLE_OBJC_WEAK = YES;
				CLANG_WARN_BLOCK_CAPTURE_AUTORELEASING = YES;
				CLANG_WARN_BOOL_CONVERSION = YES;
				CLANG_WARN_COMMA = YES;
				CLANG_WARN_CONSTANT_CONVERSION = YES;
				CLANG_WARN_DEPRECATED_OBJC_IMPLEMENTATIONS = YES;
				CLANG_WARN_DIRECT_OBJC_ISA_USAGE = YES_ERROR;
				CLANG_WARN_DOCUMENTATION_COMMENTS = YES;
				CLANG_WARN_EMPTY_BODY = YES;
				CLANG_WARN_ENUM_CONVERSION = YES;
				CLANG_WARN_INFINITE_RECURSION = YES;
				CLANG_WARN_INT_CONVERSION = YES;
				CLANG_WARN_NON_LITERAL_NULL_CONVERSION = YES;
				CLANG_WARN_OBJC_IMPLICIT_RETAIN_SELF = YES;
				CLANG_WARN_OBJC_LITERAL_CONVERSION = YES;
				CLANG_WARN_OBJC_ROOT_CLASS = YES_ERROR;
				CLANG_WARN_QUOTED_INCLUDE_IN_FRAMEWORK_HEADER = YES;
				CLANG_WARN_RANGE_LOOP_ANALYSIS = YES;
				CLANG_WARN_STRICT_PROTOTYPES = YES;
				CLANG_WARN_SUSPICIOUS_MOVE = YES;
				CLANG_WARN_UNGUARDED_AVAILABILITY = YES_AGGRESSIVE;
				CLANG_WARN_UNREACHABLE_CODE = YES;
				CLANG_WARN__DUPLICATE_METHOD_MATCH = YES;
				COPY_PHASE_STRIP = NO;
				DEBUG_INFORMATION_FORMAT = "dwarf-with-dsym";
				ENABLE_NS_ASSERTIONS = NO;
				ENABLE_STRICT_OBJC_MSGSEND = YES;
				GCC_C_LANGUAGE_STANDARD = gnu11;
				GCC_NO_COMMON_BLOCKS = YES;
				GCC_WARN_64_TO_32_BIT_CONVERSION = YES;
				GCC_WARN_ABOUT_RETURN_TYPE = YES_ERROR;
				GCC_WARN_UNDECLARED_SELECTOR = YES;
				GCC_WARN_UNINITIALIZED_AUTOS = YES_AGGRESSIVE;
				GCC_WARN_UNUSED_FUNCTION = YES;
				GCC_WARN_UNUSED_VARIABLE = YES;
				IPHONEOS_DEPLOYMENT_TARGET = 15.4;
				MTL_ENABLE_DEBUG_INFO = NO;
				MTL_FAST_MATH = YES;
				SDKROOT = iphoneos;
				SWIFT_COMPILATION_MODE = wholemodule;
				SWIFT_OPTIMIZATION_LEVEL = "-O";
				VALIDATE_PRODUCT = YES;
			};
			name = Release;
		};
		BFD6E9F327E8C9D90093358B /* Debug */ = {
			isa = XCBuildConfiguration;
			baseConfigurationReference = 367F33E9FBE6A258F173A765 /* Pods-Easy Decision 2.debug.xcconfig */;
			buildSettings = {
				ASSETCATALOG_COMPILER_APPICON_NAME = AppIcon;
				ASSETCATALOG_COMPILER_GLOBAL_ACCENT_COLOR_NAME = AccentColor;
				CODE_SIGN_STYLE = Automatic;
				CURRENT_PROJECT_VERSION = 1;
				DEVELOPMENT_TEAM = RGUPB9UU3P;
				GENERATE_INFOPLIST_FILE = YES;
				INFOPLIST_FILE = "Easy Decision 2/Info.plist";
				INFOPLIST_KEY_UIApplicationSupportsIndirectInputEvents = YES;
				INFOPLIST_KEY_UILaunchStoryboardName = LaunchScreen;
				INFOPLIST_KEY_UIMainStoryboardFile = Main;
				INFOPLIST_KEY_UISupportedInterfaceOrientations_iPad = "UIInterfaceOrientationPortrait UIInterfaceOrientationPortraitUpsideDown UIInterfaceOrientationLandscapeLeft UIInterfaceOrientationLandscapeRight";
				INFOPLIST_KEY_UISupportedInterfaceOrientations_iPhone = "UIInterfaceOrientationPortrait UIInterfaceOrientationLandscapeLeft UIInterfaceOrientationLandscapeRight";
				IPHONEOS_DEPLOYMENT_TARGET = 14.2;
				LD_RUNPATH_SEARCH_PATHS = (
					"$(inherited)",
					"@executable_path/Frameworks",
				);
				MARKETING_VERSION = 1.0;
				PRODUCT_BUNDLE_IDENTIFIER = "com.angelicameira.Easy-Decision-2";
				PRODUCT_NAME = "$(TARGET_NAME)";
				SWIFT_EMIT_LOC_STRINGS = YES;
				SWIFT_VERSION = 5.0;
				TARGETED_DEVICE_FAMILY = "1,2";
			};
			name = Debug;
		};
		BFD6E9F427E8C9D90093358B /* Release */ = {
			isa = XCBuildConfiguration;
			baseConfigurationReference = A2B2AAF2317AA3B5FEAE3BB5 /* Pods-Easy Decision 2.release.xcconfig */;
			buildSettings = {
				ASSETCATALOG_COMPILER_APPICON_NAME = AppIcon;
				ASSETCATALOG_COMPILER_GLOBAL_ACCENT_COLOR_NAME = AccentColor;
				CODE_SIGN_STYLE = Automatic;
				CURRENT_PROJECT_VERSION = 1;
				DEVELOPMENT_TEAM = RGUPB9UU3P;
				GENERATE_INFOPLIST_FILE = YES;
				INFOPLIST_FILE = "Easy Decision 2/Info.plist";
				INFOPLIST_KEY_UIApplicationSupportsIndirectInputEvents = YES;
				INFOPLIST_KEY_UILaunchStoryboardName = LaunchScreen;
				INFOPLIST_KEY_UIMainStoryboardFile = Main;
				INFOPLIST_KEY_UISupportedInterfaceOrientations_iPad = "UIInterfaceOrientationPortrait UIInterfaceOrientationPortraitUpsideDown UIInterfaceOrientationLandscapeLeft UIInterfaceOrientationLandscapeRight";
				INFOPLIST_KEY_UISupportedInterfaceOrientations_iPhone = "UIInterfaceOrientationPortrait UIInterfaceOrientationLandscapeLeft UIInterfaceOrientationLandscapeRight";
				IPHONEOS_DEPLOYMENT_TARGET = 14.2;
				LD_RUNPATH_SEARCH_PATHS = (
					"$(inherited)",
					"@executable_path/Frameworks",
				);
				MARKETING_VERSION = 1.0;
				PRODUCT_BUNDLE_IDENTIFIER = "com.angelicameira.Easy-Decision-2";
				PRODUCT_NAME = "$(TARGET_NAME)";
				SWIFT_EMIT_LOC_STRINGS = YES;
				SWIFT_VERSION = 5.0;
				TARGETED_DEVICE_FAMILY = "1,2";
			};
			name = Release;
		};
/* End XCBuildConfiguration section */

/* Begin XCConfigurationList section */
		BFD6E9D927E8C9D80093358B /* Build configuration list for PBXProject "Easy Decision 2" */ = {
			isa = XCConfigurationList;
			buildConfigurations = (
				BFD6E9F027E8C9D90093358B /* Debug */,
				BFD6E9F127E8C9D90093358B /* Release */,
			);
			defaultConfigurationIsVisible = 0;
			defaultConfigurationName = Release;
		};
		BFD6E9F227E8C9D90093358B /* Build configuration list for PBXNativeTarget "Easy Decision 2" */ = {
			isa = XCConfigurationList;
			buildConfigurations = (
				BFD6E9F327E8C9D90093358B /* Debug */,
				BFD6E9F427E8C9D90093358B /* Release */,
			);
			defaultConfigurationIsVisible = 0;
			defaultConfigurationName = Release;
		};
/* End XCConfigurationList section */
	};
	rootObject = BFD6E9D627E8C9D80093358B /* Project object */;
}
